
Microsoft Visual Studio Solution File, Format Version 12.00
# Visual Studio Version 17
VisualStudioVersion = 17.4.33205.214
MinimumVisualStudioVersion = 10.0.40219.1
Project("{9A19103F-16F7-4668-BE54-9A1E7A4F7556}") = "ynventory.backend", "ynventory.backend\ynventory.backend.csproj", "{8AC56C46-F63B-4DC2-A607-DB2C04BC3D7D}"
EndProject
Project("{9A19103F-16F7-4668-BE54-9A1E7A4F7556}") = "ynventory.data", "ynventory.data\ynventory.data.csproj", "{599134B1-288A-44EB-9F74-3B3EFABAFAF1}"
EndProject
Project("{2150E333-8FDC-42A3-9474-1A3956D46DE8}") = "Solution Items", "Solution Items", "{CB9825F1-E3D4-4311-8285-A36183350E64}"
	ProjectSection(SolutionItems) = preProject
		ToDo.md = ToDo.md
	EndProjectSection
EndProject
Global
	GlobalSection(SolutionConfigurationPlatforms) = preSolution
		Debug|Any CPU = Debug|Any CPU
		Release|Any CPU = Release|Any CPU
	EndGlobalSection
	GlobalSection(ProjectConfigurationPlatforms) = postSolution
		{8AC56C46-F63B-4DC2-A607-DB2C04BC3D7D}.Debug|Any CPU.ActiveCfg = Debug|Any CPU
		{8AC56C46-F63B-4DC2-A607-DB2C04BC3D7D}.Debug|Any CPU.Build.0 = Debug|Any CPU
		{8AC56C46-F63B-4DC2-A607-DB2C04BC3D7D}.Release|Any CPU.ActiveCfg = Release|Any CPU
		{8AC56C46-F63B-4DC2-A607-DB2C04BC3D7D}.Release|Any CPU.Build.0 = Release|Any CPU
		{599134B1-288A-44EB-9F74-3B3EFABAFAF1}.Debug|Any CPU.ActiveCfg = Debug|Any CPU
		{599134B1-288A-44EB-9F74-3B3EFABAFAF1}.Debug|Any CPU.Build.0 = Debug|Any CPU
		{599134B1-288A-44EB-9F74-3B3EFABAFAF1}.Release|Any CPU.ActiveCfg = Release|Any CPU
		{599134B1-288A-44EB-9F74-3B3EFABAFAF1}.Release|Any CPU.Build.0 = Release|Any CPU
	EndGlobalSection
	GlobalSection(SolutionProperties) = preSolution
		HideSolutionNode = FALSE
	EndGlobalSection
	GlobalSection(ExtensibilityGlobals) = postSolution
		SolutionGuid = {35EE68A3-69E1-41D3-8B55-6AAD66A535FB}
	EndGlobalSection
EndGlobal
